
Microsoft Visual Studio Solution File, Format Version 12.00
# Visual Studio Version 16
VisualStudioVersion = 16.0.30804.86
MinimumVisualStudioVersion = 10.0.40219.1
Project("{9A19103F-16F7-4668-BE54-9A1E7A4F7556}") = "MetaExchangeConsole", "MetaExchangeConsole\MetaExchangeConsole.csproj", "{734FC0CA-D838-4F97-A166-196679808D28}"
EndProject
Project("{9A19103F-16F7-4668-BE54-9A1E7A4F7556}") = "MetaExchangeService", "MetaExchangeService\MetaExchangeService.csproj", "{B51D2DDD-2323-4C0C-B073-E60B43888777}"
EndProject
Project("{FAE04EC0-301F-11D3-BF4B-00C04F79EFBC}") = "MetaExchangeTester", "MetaExchangeTester\MetaExchangeTester.csproj", "{FD2E615F-74B6-4B41-9166-B0B6F3FCDE0A}"
EndProject
Global
	GlobalSection(SolutionConfigurationPlatforms) = preSolution
		Debug|Any CPU = Debug|Any CPU
		Release|Any CPU = Release|Any CPU
	EndGlobalSection
	GlobalSection(ProjectConfigurationPlatforms) = postSolution
		{734FC0CA-D838-4F97-A166-196679808D28}.Debug|Any CPU.ActiveCfg = Debug|Any CPU
		{734FC0CA-D838-4F97-A166-196679808D28}.Debug|Any CPU.Build.0 = Debug|Any CPU
		{734FC0CA-D838-4F97-A166-196679808D28}.Release|Any CPU.ActiveCfg = Release|Any CPU
		{734FC0CA-D838-4F97-A166-196679808D28}.Release|Any CPU.Build.0 = Release|Any CPU
		{B51D2DDD-2323-4C0C-B073-E60B43888777}.Debug|Any CPU.ActiveCfg = Debug|Any CPU
		{B51D2DDD-2323-4C0C-B073-E60B43888777}.Debug|Any CPU.Build.0 = Debug|Any CPU
		{B51D2DDD-2323-4C0C-B073-E60B43888777}.Release|Any CPU.ActiveCfg = Release|Any CPU
		{B51D2DDD-2323-4C0C-B073-E60B43888777}.Release|Any CPU.Build.0 = Release|Any CPU
		{FD2E615F-74B6-4B41-9166-B0B6F3FCDE0A}.Debug|Any CPU.ActiveCfg = Debug|Any CPU
		{FD2E615F-74B6-4B41-9166-B0B6F3FCDE0A}.Debug|Any CPU.Build.0 = Debug|Any CPU
		{FD2E615F-74B6-4B41-9166-B0B6F3FCDE0A}.Release|Any CPU.ActiveCfg = Release|Any CPU
		{FD2E615F-74B6-4B41-9166-B0B6F3FCDE0A}.Release|Any CPU.Build.0 = Release|Any CPU
	EndGlobalSection
	GlobalSection(SolutionProperties) = preSolution
		HideSolutionNode = FALSE
	EndGlobalSection
	GlobalSection(ExtensibilityGlobals) = postSolution
		SolutionGuid = {16FD323C-1B33-452A-B4A8-39FEF28F919D}
	EndGlobalSection
EndGlobal
